
Microsoft Visual Studio Solution File, Format Version 12.00
# Visual Studio Version 16
VisualStudioVersion = 25.0.1703.8
MinimumVisualStudioVersion = 10.0.40219.1
Project("{FAE04EC0-301F-11D3-BF4B-00C04F79EFBC}") = "JokesWebApp", "JokesWebApp\JokesWebApp.csproj", "{C057DA98-2C1E-426C-BD85-1D701E138690}"
EndProject
Global
	GlobalSection(SolutionConfigurationPlatforms) = preSolution
		Debug|Any CPU = Debug|Any CPU
		Release|Any CPU = Release|Any CPU
	EndGlobalSection
	GlobalSection(ProjectConfigurationPlatforms) = postSolution
		{C057DA98-2C1E-426C-BD85-1D701E138690}.Debug|Any CPU.ActiveCfg = Debug|Any CPU
		{C057DA98-2C1E-426C-BD85-1D701E138690}.Debug|Any CPU.Build.0 = Debug|Any CPU
		{C057DA98-2C1E-426C-BD85-1D701E138690}.Release|Any CPU.ActiveCfg = Release|Any CPU
		{C057DA98-2C1E-426C-BD85-1D701E138690}.Release|Any CPU.Build.0 = Release|Any CPU
	EndGlobalSection
	GlobalSection(SolutionProperties) = preSolution
		HideSolutionNode = FALSE
	EndGlobalSection
	GlobalSection(ExtensibilityGlobals) = postSolution
		SolutionGuid = {C6AAD5EF-1860-4BE5-8056-2910D6B34437}
	EndGlobalSection
EndGlobal
